
Microsoft Visual Studio Solution File, Format Version 12.00
# Visual Studio Version 17
Project("{F2A71F9B-5D33-465A-A702-920D77279786}") = "AdhdFocusTimer.Client", "AdhdFocusTimer.Client\AdhdFocusTimer.Client.fsproj", "{F1356B6F-2A9E-4C66-9172-5BB1A9D9A127}"
EndProject
Global
    GlobalSection(SolutionConfigurationPlatforms) = preSolution
        Debug|Any CPU = Debug|Any CPU
    EndGlobalSection
    GlobalSection(ProjectConfigurationPlatforms) = postSolution
        {F1356B6F-2A9E-4C66-9172-5BB1A9D9A127}.Debug|Any CPU.ActiveCfg = Debug|Any CPU
        {F1356B6F-2A9E-4C66-9172-5BB1A9D9A127}.Debug|Any CPU.Build.0 = Debug|Any CPU
    EndGlobalSection
EndGlobal
